
Microsoft Visual Studio Solution File, Format Version 12.00
# Visual Studio Version 17
VisualStudioVersion = 17.5.002.0
MinimumVisualStudioVersion = 10.0.40219.1
Project("{9A19103F-16F7-4668-BE54-9A1E7A4F7556}") = "XiShap", "XiShap.csproj", "{DA0AB352-00E4-4D2B-AB46-A0B395CC98A7}"
EndProject

Global
	GlobalSection(SolutionConfigurationPlatforms) = preSolution
		Debug|Any CPU = Debug|Any CPU
		Release|Any CPU = Release|Any CPU
	EndGlobalSection
	GlobalSection(ProjectConfigurationPlatforms) = postSolution
		{DA0AB352-00E4-4D2B-AB46-A0B395CC98A7}.Debug|Any CPU.ActiveCfg = Debug|Any CPU
		{DA0AB352-00E4-4D2B-AB46-A0B395CC98A7}.Debug|Any CPU.Build.0 = Debug|Any CPU
		{DA0AB352-00E4-4D2B-AB46-A0B395CC98A7}.Release|Any CPU.ActiveCfg = Release|Any CPU
		{DA0AB352-00E4-4D2B-AB46-A0B395CC98A7}.Release|Any CPU.Build.0 = Release|Any CPU
		{BDF7E1DB-1026-48A3-BA16-EE17BE1C7990}.Debug|Any CPU.ActiveCfg = Debug|Any CPU
		{BDF7E1DB-1026-48A3-BA16-EE17BE1C7990}.Debug|Any CPU.Build.0 = Debug|Any CPU
		{BDF7E1DB-1026-48A3-BA16-EE17BE1C7990}.Release|Any CPU.ActiveCfg = Release|Any CPU
		{BDF7E1DB-1026-48A3-BA16-EE17BE1C7990}.Release|Any CPU.Build.0 = Release|Any CPU
	EndGlobalSection
	GlobalSection(SolutionProperties) = preSolution
		HideSolutionNode = FALSE
	EndGlobalSection
	GlobalSection(ExtensibilityGlobals) = postSolution
		SolutionGuid = {8195601C-29C7-48CA-B91D-3FE733F5CAA3}
	EndGlobalSection
EndGlobal
