
Microsoft Visual Studio Solution File, Format Version 12.00
# Visual Studio Version 17
VisualStudioVersion = 17.5.002.0
MinimumVisualStudioVersion = 10.0.40219.1
Project("{9A19103F-16F7-4668-BE54-9A1E7A4F7556}") = "QuanLyNhanVien", "QuanLyNhanVien\QuanLyNhanVien.csproj", "{3BAE1B08-69F0-4025-97CC-8B5A4DA9810B}"
EndProject
Project("{9A19103F-16F7-4668-BE54-9A1E7A4F7556}") = "QuanLySinhVien", "QuanLySinhVien\QuanLySinhVien.csproj", "{0BE7AFCA-E65A-4F82-82FB-89D8C14CC553}"
EndProject
Project("{9A19103F-16F7-4668-BE54-9A1E7A4F7556}") = "Test", "Test\Test.csproj", "{C2012A8D-0BCE-4BF6-88A3-D2210C9D44EA}"
EndProject
Global
	GlobalSection(SolutionConfigurationPlatforms) = preSolution
		Debug|Any CPU = Debug|Any CPU
		Release|Any CPU = Release|Any CPU
	EndGlobalSection
	GlobalSection(ProjectConfigurationPlatforms) = postSolution
		{3BAE1B08-69F0-4025-97CC-8B5A4DA9810B}.Debug|Any CPU.ActiveCfg = Debug|Any CPU
		{3BAE1B08-69F0-4025-97CC-8B5A4DA9810B}.Debug|Any CPU.Build.0 = Debug|Any CPU
		{3BAE1B08-69F0-4025-97CC-8B5A4DA9810B}.Release|Any CPU.ActiveCfg = Release|Any CPU
		{3BAE1B08-69F0-4025-97CC-8B5A4DA9810B}.Release|Any CPU.Build.0 = Release|Any CPU
		{0BE7AFCA-E65A-4F82-82FB-89D8C14CC553}.Debug|Any CPU.ActiveCfg = Debug|Any CPU
		{0BE7AFCA-E65A-4F82-82FB-89D8C14CC553}.Debug|Any CPU.Build.0 = Debug|Any CPU
		{0BE7AFCA-E65A-4F82-82FB-89D8C14CC553}.Release|Any CPU.ActiveCfg = Release|Any CPU
		{0BE7AFCA-E65A-4F82-82FB-89D8C14CC553}.Release|Any CPU.Build.0 = Release|Any CPU
		{C2012A8D-0BCE-4BF6-88A3-D2210C9D44EA}.Debug|Any CPU.ActiveCfg = Debug|Any CPU
		{C2012A8D-0BCE-4BF6-88A3-D2210C9D44EA}.Debug|Any CPU.Build.0 = Debug|Any CPU
		{C2012A8D-0BCE-4BF6-88A3-D2210C9D44EA}.Release|Any CPU.ActiveCfg = Release|Any CPU
		{C2012A8D-0BCE-4BF6-88A3-D2210C9D44EA}.Release|Any CPU.Build.0 = Release|Any CPU
	EndGlobalSection
	GlobalSection(SolutionProperties) = preSolution
		HideSolutionNode = FALSE
	EndGlobalSection
	GlobalSection(ExtensibilityGlobals) = postSolution
		SolutionGuid = {296B0822-7DE6-4062-82C1-A71C868BECC4}
	EndGlobalSection
EndGlobal
